{
  "nodes": {
    "home-manager": {
      "inputs": {
        "nixpkgs": [
          "nixpkgs"
        ]
      },
      "locked": {
        "lastModified": 1651531343,
        "narHash": "sha256-DBJFMNlWcht3jdKE2KVbcy1g/e/yryrSs1qSViQd4lE=",
        "owner": "nix-community",
        "repo": "home-manager",
        "rev": "0304f0f58b4c538ff704c58d53a778b062810ec7",
        "type": "github"
      },
      "original": {
        "owner": "nix-community",
        "repo": "home-manager",
        "type": "github"
      }
    },
    "nixpkgs": {
      "locked": {
        "lastModified": 1651558728,
        "narHash": "sha256-8HzyRnWlgZluUrVFNOfZAOlA1fghpOSezXvxhalGMUo=",
        "owner": "nixos",
        "repo": "nixpkgs",
        "rev": "cbe587c735b734405f56803e267820ee1559e6c1",
        "type": "github"
      },
      "original": {
        "owner": "nixos",
        "ref": "nixos-unstable",
        "repo": "nixpkgs",
        "type": "github"
      }
    },
    "nur": {
      "locked": {
        "lastModified": 1651586954,
        "narHash": "sha256-UkY9P8conevVlWSc1od5PJEMub/e5sHGvdzB37N9mKo=",
        "owner": "nix-community",
        "repo": "NUR",
        "rev": "e1e3c899e9a59e0fe92e3279e6a088b41c4eb7ce",
        "type": "github"
      },
      "original": {
        "owner": "nix-community",
        "repo": "NUR",
        "type": "github"
      }
    },
    "root": {
      "inputs": {
        "home-manager": "home-manager",
        "nixpkgs": "nixpkgs",
        "nur": "nur"
      }
    }
  },
  "root": "root",
  "version": 7
}
